
Microsoft Visual Studio Solution File, Format Version 12.00
# Visual Studio Version 17
VisualStudioVersion = 17.5.002.0
MinimumVisualStudioVersion = 10.0.40219.1
Project("{9A19103F-16F7-4668-BE54-9A1E7A4F7556}") = "ChatApp", "ChatApp\ChatApp.csproj", "{DDE44AD3-E1D8-4ADD-A8AF-84274380ED09}"
EndProject
Global
	GlobalSection(SolutionConfigurationPlatforms) = preSolution
		Debug|Any CPU = Debug|Any CPU
		Release|Any CPU = Release|Any CPU
	EndGlobalSection
	GlobalSection(ProjectConfigurationPlatforms) = postSolution
		{DDE44AD3-E1D8-4ADD-A8AF-84274380ED09}.Debug|Any CPU.ActiveCfg = Debug|Any CPU
		{DDE44AD3-E1D8-4ADD-A8AF-84274380ED09}.Debug|Any CPU.Build.0 = Debug|Any CPU
		{DDE44AD3-E1D8-4ADD-A8AF-84274380ED09}.Release|Any CPU.ActiveCfg = Release|Any CPU
		{DDE44AD3-E1D8-4ADD-A8AF-84274380ED09}.Release|Any CPU.Build.0 = Release|Any CPU
	EndGlobalSection
	GlobalSection(SolutionProperties) = preSolution
		HideSolutionNode = FALSE
	EndGlobalSection
	GlobalSection(ExtensibilityGlobals) = postSolution
		SolutionGuid = {D317ADD6-BD30-4975-A1EC-626C4DD4AEB7}
	EndGlobalSection
EndGlobal
